
Microsoft Visual Studio Solution File, Format Version 12.00
# Visual Studio Version 16
VisualStudioVersion = 16.0.32510.428
MinimumVisualStudioVersion = 10.0.40219.1
Project("{FAE04EC0-301F-11D3-BF4B-00C04F79EFBC}") = "homework004", "homework004\homework004.csproj", "{28DC69F7-90E7-4D77-B53C-E22F1ABC7BA4}"
EndProject
Global
	GlobalSection(SolutionConfigurationPlatforms) = preSolution
		Debug|Any CPU = Debug|Any CPU
		Release|Any CPU = Release|Any CPU
	EndGlobalSection
	GlobalSection(ProjectConfigurationPlatforms) = postSolution
		{28DC69F7-90E7-4D77-B53C-E22F1ABC7BA4}.Debug|Any CPU.ActiveCfg = Debug|Any CPU
		{28DC69F7-90E7-4D77-B53C-E22F1ABC7BA4}.Debug|Any CPU.Build.0 = Debug|Any CPU
		{28DC69F7-90E7-4D77-B53C-E22F1ABC7BA4}.Release|Any CPU.ActiveCfg = Release|Any CPU
		{28DC69F7-90E7-4D77-B53C-E22F1ABC7BA4}.Release|Any CPU.Build.0 = Release|Any CPU
	EndGlobalSection
	GlobalSection(SolutionProperties) = preSolution
		HideSolutionNode = FALSE
	EndGlobalSection
	GlobalSection(ExtensibilityGlobals) = postSolution
		SolutionGuid = {9E7C7D98-E24E-4489-AB3A-3E7332FD0BD0}
	EndGlobalSection
EndGlobal
